// !$*UTF8*$!
{
	archiveVersion = 1;
	classes = {
	};
	objectVersion = 56;
	objects = {

/* Begin PBXBuildFile section */
		E30628032AAC7B0700B746D1 /* Inter-Black.ttf in Resources */ = {isa = PBXBuildFile; fileRef = E30627FE2AAC7AD900B746D1 /* Inter-Black.ttf */; };
		E30628042AAC7B0C00B746D1 /* Inter-Bold.ttf in Resources */ = {isa = PBXBuildFile; fileRef = E30627FB2AAC7AD900B746D1 /* Inter-Bold.ttf */; };
		E30628052AAC7B0F00B746D1 /* Inter-ExtraBold.ttf in Resources */ = {isa = PBXBuildFile; fileRef = E30628002AAC7AD900B746D1 /* Inter-ExtraBold.ttf */; };
		E30628062AAC7B1500B746D1 /* Inter-Medium.ttf in Resources */ = {isa = PBXBuildFile; fileRef = E30628012AAC7AD900B746D1 /* Inter-Medium.ttf */; };
		E30628072AAC7B1500B746D1 /* Inter-ExtraLight.ttf in Resources */ = {isa = PBXBuildFile; fileRef = E30627FA2AAC7AD900B746D1 /* Inter-ExtraLight.ttf */; };
		E30628082AAC7B1500B746D1 /* Inter-Light.ttf in Resources */ = {isa = PBXBuildFile; fileRef = E30627FC2AAC7AD900B746D1 /* Inter-Light.ttf */; };
		E30628092AAC7B1500B746D1 /* Inter-Thin.ttf in Resources */ = {isa = PBXBuildFile; fileRef = E30627FF2AAC7AD900B746D1 /* Inter-Thin.ttf */; };
		E306280A2AAC7B1500B746D1 /* Inter-Regular.ttf in Resources */ = {isa = PBXBuildFile; fileRef = E30628022AAC7AD900B746D1 /* Inter-Regular.ttf */; };
		E306280B2AAC7B1500B746D1 /* Inter-SemiBold.ttf in Resources */ = {isa = PBXBuildFile; fileRef = E30627FD2AAC7AD900B746D1 /* Inter-SemiBold.ttf */; };
		E332FC862AAC75F100523A71 /* Expense_trackerApp.swift in Sources */ = {isa = PBXBuildFile; fileRef = E332FC852AAC75F100523A71 /* Expense_trackerApp.swift */; };
		E332FC882AAC75F100523A71 /* ContentView.swift in Sources */ = {isa = PBXBuildFile; fileRef = E332FC872AAC75F100523A71 /* ContentView.swift */; };
		E332FC8A2AAC75F300523A71 /* Assets.xcassets in Resources */ = {isa = PBXBuildFile; fileRef = E332FC892AAC75F300523A71 /* Assets.xcassets */; };
		E332FC8D2AAC75F300523A71 /* Preview Assets.xcassets in Resources */ = {isa = PBXBuildFile; fileRef = E332FC8C2AAC75F300523A71 /* Preview Assets.xcassets */; };
		E36A4A002AACE15300699561 /* ETHomeListItem.swift in Sources */ = {isa = PBXBuildFile; fileRef = E36A49FF2AACE15300699561 /* ETHomeListItem.swift */; };
		E36A4A022AACE20900699561 /* ETImageName.swift in Sources */ = {isa = PBXBuildFile; fileRef = E36A4A012AACE20900699561 /* ETImageName.swift */; };
		E36A4A042AAD761E00699561 /* ETBackNavBar.swift in Sources */ = {isa = PBXBuildFile; fileRef = E36A4A032AAD761E00699561 /* ETBackNavBar.swift */; };
		E36A4A062AAD813B00699561 /* ETPrimaryButton.swift in Sources */ = {isa = PBXBuildFile; fileRef = E36A4A052AAD813B00699561 /* ETPrimaryButton.swift */; };
		E36A4A082AADBF5E00699561 /* SpendFrequencyChart.swift in Sources */ = {isa = PBXBuildFile; fileRef = E36A4A072AADBF5E00699561 /* SpendFrequencyChart.swift */; };
		E36A4A0A2AAE33D000699561 /* ETTimePeriodSegmentController.swift in Sources */ = {isa = PBXBuildFile; fileRef = E36A4A092AAE33D000699561 /* ETTimePeriodSegmentController.swift */; };
		E36A4A0E2AAF5A7600699561 /* HomeView.swift in Sources */ = {isa = PBXBuildFile; fileRef = E36A4A0D2AAF5A7600699561 /* HomeView.swift */; };
		E38AD9F82AAC7F0D00B60708 /* Font+Extension.swift in Sources */ = {isa = PBXBuildFile; fileRef = E38AD9F72AAC7F0D00B60708 /* Font+Extension.swift */; };
		E38AD9FD2AAC848000B60708 /* Theme.xcassets in Resources */ = {isa = PBXBuildFile; fileRef = E38AD9FC2AAC848000B60708 /* Theme.xcassets */; };
		E38ADA002AAC898A00B60708 /* Color+Extension.swift in Sources */ = {isa = PBXBuildFile; fileRef = E38AD9FF2AAC898A00B60708 /* Color+Extension.swift */; };
		E38ADA022AAC8B5500B60708 /* ETColor.swift in Sources */ = {isa = PBXBuildFile; fileRef = E38ADA012AAC8B5500B60708 /* ETColor.swift */; };
		E38ADA052AAC8CE900B60708 /* ETAvatar.swift in Sources */ = {isa = PBXBuildFile; fileRef = E38ADA042AAC8CE900B60708 /* ETAvatar.swift */; };
		E38ADA072AACA34000B60708 /* Image+Extension.swift in Sources */ = {isa = PBXBuildFile; fileRef = E38ADA062AACA34000B60708 /* Image+Extension.swift */; };
		E38ADA092AACA3F200B60708 /* ETHomeCard.swift in Sources */ = {isa = PBXBuildFile; fileRef = E38ADA082AACA3F200B60708 /* ETHomeCard.swift */; };
/* End PBXBuildFile section */

/* Begin PBXFileReference section */
		E30627FA2AAC7AD900B746D1 /* Inter-ExtraLight.ttf */ = {isa = PBXFileReference; lastKnownFileType = file; path = "Inter-ExtraLight.ttf"; sourceTree = "<group>"; };
		E30627FB2AAC7AD900B746D1 /* Inter-Bold.ttf */ = {isa = PBXFileReference; lastKnownFileType = file; path = "Inter-Bold.ttf"; sourceTree = "<group>"; };
		E30627FC2AAC7AD900B746D1 /* Inter-Light.ttf */ = {isa = PBXFileReference; lastKnownFileType = file; path = "Inter-Light.ttf"; sourceTree = "<group>"; };
		E30627FD2AAC7AD900B746D1 /* Inter-SemiBold.ttf */ = {isa = PBXFileReference; lastKnownFileType = file; path = "Inter-SemiBold.ttf"; sourceTree = "<group>"; };
		E30627FE2AAC7AD900B746D1 /* Inter-Black.ttf */ = {isa = PBXFileReference; lastKnownFileType = file; path = "Inter-Black.ttf"; sourceTree = "<group>"; };
		E30627FF2AAC7AD900B746D1 /* Inter-Thin.ttf */ = {isa = PBXFileReference; lastKnownFileType = file; path = "Inter-Thin.ttf"; sourceTree = "<group>"; };
		E30628002AAC7AD900B746D1 /* Inter-ExtraBold.ttf */ = {isa = PBXFileReference; lastKnownFileType = file; path = "Inter-ExtraBold.ttf"; sourceTree = "<group>"; };
		E30628012AAC7AD900B746D1 /* Inter-Medium.ttf */ = {isa = PBXFileReference; lastKnownFileType = file; path = "Inter-Medium.ttf"; sourceTree = "<group>"; };
		E30628022AAC7AD900B746D1 /* Inter-Regular.ttf */ = {isa = PBXFileReference; lastKnownFileType = file; path = "Inter-Regular.ttf"; sourceTree = "<group>"; };
		E332FC822AAC75F100523A71 /* Expense tracker.app */ = {isa = PBXFileReference; explicitFileType = wrapper.application; includeInIndex = 0; path = "Expense tracker.app"; sourceTree = BUILT_PRODUCTS_DIR; };
		E332FC852AAC75F100523A71 /* Expense_trackerApp.swift */ = {isa = PBXFileReference; lastKnownFileType = sourcecode.swift; path = Expense_trackerApp.swift; sourceTree = "<group>"; };
		E332FC872AAC75F100523A71 /* ContentView.swift */ = {isa = PBXFileReference; lastKnownFileType = sourcecode.swift; path = ContentView.swift; sourceTree = "<group>"; };
		E332FC892AAC75F300523A71 /* Assets.xcassets */ = {isa = PBXFileReference; lastKnownFileType = folder.assetcatalog; path = Assets.xcassets; sourceTree = "<group>"; };
		E332FC8C2AAC75F300523A71 /* Preview Assets.xcassets */ = {isa = PBXFileReference; lastKnownFileType = folder.assetcatalog; path = "Preview Assets.xcassets"; sourceTree = "<group>"; };
		E36A49FF2AACE15300699561 /* ETHomeListItem.swift */ = {isa = PBXFileReference; lastKnownFileType = sourcecode.swift; path = ETHomeListItem.swift; sourceTree = "<group>"; };
		E36A4A012AACE20900699561 /* ETImageName.swift */ = {isa = PBXFileReference; lastKnownFileType = sourcecode.swift; path = ETImageName.swift; sourceTree = "<group>"; };
		E36A4A032AAD761E00699561 /* ETBackNavBar.swift */ = {isa = PBXFileReference; lastKnownFileType = sourcecode.swift; path = ETBackNavBar.swift; sourceTree = "<group>"; };
		E36A4A052AAD813B00699561 /* ETPrimaryButton.swift */ = {isa = PBXFileReference; lastKnownFileType = sourcecode.swift; path = ETPrimaryButton.swift; sourceTree = "<group>"; };
		E36A4A072AADBF5E00699561 /* SpendFrequencyChart.swift */ = {isa = PBXFileReference; lastKnownFileType = sourcecode.swift; path = SpendFrequencyChart.swift; sourceTree = "<group>"; };
		E36A4A092AAE33D000699561 /* ETTimePeriodSegmentController.swift */ = {isa = PBXFileReference; lastKnownFileType = sourcecode.swift; path = ETTimePeriodSegmentController.swift; sourceTree = "<group>"; };
		E36A4A0D2AAF5A7600699561 /* HomeView.swift */ = {isa = PBXFileReference; lastKnownFileType = sourcecode.swift; path = HomeView.swift; sourceTree = "<group>"; };
		E38AD9F62AAC7C4800B60708 /* Expense-tracker-Info.plist */ = {isa = PBXFileReference; lastKnownFileType = text.plist; path = "Expense-tracker-Info.plist"; sourceTree = SOURCE_ROOT; };
		E38AD9F72AAC7F0D00B60708 /* Font+Extension.swift */ = {isa = PBXFileReference; lastKnownFileType = sourcecode.swift; path = "Font+Extension.swift"; sourceTree = "<group>"; };
		E38AD9FC2AAC848000B60708 /* Theme.xcassets */ = {isa = PBXFileReference; lastKnownFileType = folder.assetcatalog; path = Theme.xcassets; sourceTree = "<group>"; };
		E38AD9FF2AAC898A00B60708 /* Color+Extension.swift */ = {isa = PBXFileReference; lastKnownFileType = sourcecode.swift; path = "Color+Extension.swift"; sourceTree = "<group>"; };
		E38ADA012AAC8B5500B60708 /* ETColor.swift */ = {isa = PBXFileReference; lastKnownFileType = sourcecode.swift; path = ETColor.swift; sourceTree = "<group>"; };
		E38ADA042AAC8CE900B60708 /* ETAvatar.swift */ = {isa = PBXFileReference; lastKnownFileType = sourcecode.swift; path = ETAvatar.swift; sourceTree = "<group>"; };
		E38ADA062AACA34000B60708 /* Image+Extension.swift */ = {isa = PBXFileReference; lastKnownFileType = sourcecode.swift; path = "Image+Extension.swift"; sourceTree = "<group>"; };
		E38ADA082AACA3F200B60708 /* ETHomeCard.swift */ = {isa = PBXFileReference; lastKnownFileType = sourcecode.swift; path = ETHomeCard.swift; sourceTree = "<group>"; };
/* End PBXFileReference section */

/* Begin PBXFrameworksBuildPhase section */
		E332FC7F2AAC75F100523A71 /* Frameworks */ = {
			isa = PBXFrameworksBuildPhase;
			buildActionMask = 2147483647;
			files = (
			);
			runOnlyForDeploymentPostprocessing = 0;
		};
/* End PBXFrameworksBuildPhase section */

/* Begin PBXGroup section */
		E30627F92AAC7AAE00B746D1 /* Font */ = {
			isa = PBXGroup;
			children = (
				E30627FE2AAC7AD900B746D1 /* Inter-Black.ttf */,
				E30627FB2AAC7AD900B746D1 /* Inter-Bold.ttf */,
				E30628002AAC7AD900B746D1 /* Inter-ExtraBold.ttf */,
				E30627FA2AAC7AD900B746D1 /* Inter-ExtraLight.ttf */,
				E30627FC2AAC7AD900B746D1 /* Inter-Light.ttf */,
				E30628012AAC7AD900B746D1 /* Inter-Medium.ttf */,
				E30628022AAC7AD900B746D1 /* Inter-Regular.ttf */,
				E30627FD2AAC7AD900B746D1 /* Inter-SemiBold.ttf */,
				E30627FF2AAC7AD900B746D1 /* Inter-Thin.ttf */,
				E38AD9F72AAC7F0D00B60708 /* Font+Extension.swift */,
			);
			path = Font;
			sourceTree = "<group>";
		};
		E332FC792AAC75F100523A71 = {
			isa = PBXGroup;
			children = (
				E332FC842AAC75F100523A71 /* Expense tracker */,
				E332FC832AAC75F100523A71 /* Products */,
			);
			sourceTree = "<group>";
		};
		E332FC832AAC75F100523A71 /* Products */ = {
			isa = PBXGroup;
			children = (
				E332FC822AAC75F100523A71 /* Expense tracker.app */,
			);
			name = Products;
			sourceTree = "<group>";
		};
		E332FC842AAC75F100523A71 /* Expense tracker */ = {
			isa = PBXGroup;
			children = (
				E36A4A0B2AAF5A6400699561 /* Screen */,
				E38ADA032AAC8CD100B60708 /* Component */,
				E38AD9FE2AAC897300B60708 /* Asset */,
				E30627F92AAC7AAE00B746D1 /* Font */,
				E38AD9F62AAC7C4800B60708 /* Expense-tracker-Info.plist */,
				E332FC852AAC75F100523A71 /* Expense_trackerApp.swift */,
				E332FC872AAC75F100523A71 /* ContentView.swift */,
				E332FC8B2AAC75F300523A71 /* Preview Content */,
			);
			path = "Expense tracker";
			sourceTree = "<group>";
		};
		E332FC8B2AAC75F300523A71 /* Preview Content */ = {
			isa = PBXGroup;
			children = (
				E332FC8C2AAC75F300523A71 /* Preview Assets.xcassets */,
			);
			path = "Preview Content";
			sourceTree = "<group>";
		};
		E36A49FD2AACE0E100699561 /* Color */ = {
			isa = PBXGroup;
			children = (
				E38AD9FC2AAC848000B60708 /* Theme.xcassets */,
				E38AD9FF2AAC898A00B60708 /* Color+Extension.swift */,
				E38ADA012AAC8B5500B60708 /* ETColor.swift */,
			);
			path = Color;
			sourceTree = "<group>";
		};
		E36A49FE2AACE0FC00699561 /* Image */ = {
			isa = PBXGroup;
			children = (
				E38ADA062AACA34000B60708 /* Image+Extension.swift */,
				E332FC892AAC75F300523A71 /* Assets.xcassets */,
				E36A4A012AACE20900699561 /* ETImageName.swift */,
			);
			path = Image;
			sourceTree = "<group>";
		};
		E36A4A0B2AAF5A6400699561 /* Screen */ = {
			isa = PBXGroup;
			children = (
				E36A4A0C2AAF5A6900699561 /* Home */,
			);
			path = Screen;
			sourceTree = "<group>";
		};
		E36A4A0C2AAF5A6900699561 /* Home */ = {
			isa = PBXGroup;
			children = (
				E36A4A0D2AAF5A7600699561 /* HomeView.swift */,
			);
			path = Home;
			sourceTree = "<group>";
		};
		E38AD9FE2AAC897300B60708 /* Asset */ = {
			isa = PBXGroup;
			children = (
				E36A49FD2AACE0E100699561 /* Color */,
				E36A49FE2AACE0FC00699561 /* Image */,
			);
			path = Asset;
			sourceTree = "<group>";
		};
		E38ADA032AAC8CD100B60708 /* Component */ = {
			isa = PBXGroup;
			children = (
				E38ADA042AAC8CE900B60708 /* ETAvatar.swift */,
				E38ADA082AACA3F200B60708 /* ETHomeCard.swift */,
				E36A49FF2AACE15300699561 /* ETHomeListItem.swift */,
				E36A4A032AAD761E00699561 /* ETBackNavBar.swift */,
				E36A4A052AAD813B00699561 /* ETPrimaryButton.swift */,
				E36A4A072AADBF5E00699561 /* SpendFrequencyChart.swift */,
				E36A4A092AAE33D000699561 /* ETTimePeriodSegmentController.swift */,
			);
			path = Component;
			sourceTree = "<group>";
		};
/* End PBXGroup section */

/* Begin PBXNativeTarget section */
		E332FC812AAC75F100523A71 /* Expense tracker */ = {
			isa = PBXNativeTarget;
			buildConfigurationList = E332FC902AAC75F300523A71 /* Build configuration list for PBXNativeTarget "Expense tracker" */;
			buildPhases = (
				E332FC7E2AAC75F100523A71 /* Sources */,
				E332FC7F2AAC75F100523A71 /* Frameworks */,
				E332FC802AAC75F100523A71 /* Resources */,
			);
			buildRules = (
			);
			dependencies = (
			);
			name = "Expense tracker";
			productName = "Expense tracker";
			productReference = E332FC822AAC75F100523A71 /* Expense tracker.app */;
			productType = "com.apple.product-type.application";
		};
/* End PBXNativeTarget section */

/* Begin PBXProject section */
		E332FC7A2AAC75F100523A71 /* Project object */ = {
			isa = PBXProject;
			attributes = {
				BuildIndependentTargetsInParallel = 1;
				LastSwiftUpdateCheck = 1430;
				LastUpgradeCheck = 1430;
				TargetAttributes = {
					E332FC812AAC75F100523A71 = {
						CreatedOnToolsVersion = 14.3.1;
					};
				};
			};
			buildConfigurationList = E332FC7D2AAC75F100523A71 /* Build configuration list for PBXProject "Expense tracker" */;
			compatibilityVersion = "Xcode 14.0";
			developmentRegion = en;
			hasScannedForEncodings = 0;
			knownRegions = (
				en,
				Base,
			);
			mainGroup = E332FC792AAC75F100523A71;
			productRefGroup = E332FC832AAC75F100523A71 /* Products */;
			projectDirPath = "";
			projectRoot = "";
			targets = (
				E332FC812AAC75F100523A71 /* Expense tracker */,
			);
		};
/* End PBXProject section */

/* Begin PBXResourcesBuildPhase section */
		E332FC802AAC75F100523A71 /* Resources */ = {
			isa = PBXResourcesBuildPhase;
			buildActionMask = 2147483647;
			files = (
				E30628052AAC7B0F00B746D1 /* Inter-ExtraBold.ttf in Resources */,
				E332FC8D2AAC75F300523A71 /* Preview Assets.xcassets in Resources */,
				E30628092AAC7B1500B746D1 /* Inter-Thin.ttf in Resources */,
				E306280B2AAC7B1500B746D1 /* Inter-SemiBold.ttf in Resources */,
				E30628082AAC7B1500B746D1 /* Inter-Light.ttf in Resources */,
				E30628062AAC7B1500B746D1 /* Inter-Medium.ttf in Resources */,
				E30628072AAC7B1500B746D1 /* Inter-ExtraLight.ttf in Resources */,
				E306280A2AAC7B1500B746D1 /* Inter-Regular.ttf in Resources */,
				E30628032AAC7B0700B746D1 /* Inter-Black.ttf in Resources */,
				E38AD9FD2AAC848000B60708 /* Theme.xcassets in Resources */,
				E30628042AAC7B0C00B746D1 /* Inter-Bold.ttf in Resources */,
				E332FC8A2AAC75F300523A71 /* Assets.xcassets in Resources */,
			);
			runOnlyForDeploymentPostprocessing = 0;
		};
/* End PBXResourcesBuildPhase section */

/* Begin PBXSourcesBuildPhase section */
		E332FC7E2AAC75F100523A71 /* Sources */ = {
			isa = PBXSourcesBuildPhase;
			buildActionMask = 2147483647;
			files = (
				E36A4A002AACE15300699561 /* ETHomeListItem.swift in Sources */,
				E36A4A022AACE20900699561 /* ETImageName.swift in Sources */,
				E38ADA072AACA34000B60708 /* Image+Extension.swift in Sources */,
				E36A4A0E2AAF5A7600699561 /* HomeView.swift in Sources */,
				E38ADA022AAC8B5500B60708 /* ETColor.swift in Sources */,
				E36A4A0A2AAE33D000699561 /* ETTimePeriodSegmentController.swift in Sources */,
				E36A4A042AAD761E00699561 /* ETBackNavBar.swift in Sources */,
				E36A4A062AAD813B00699561 /* ETPrimaryButton.swift in Sources */,
				E38ADA052AAC8CE900B60708 /* ETAvatar.swift in Sources */,
				E332FC882AAC75F100523A71 /* ContentView.swift in Sources */,
				E38ADA002AAC898A00B60708 /* Color+Extension.swift in Sources */,
				E36A4A082AADBF5E00699561 /* SpendFrequencyChart.swift in Sources */,
				E332FC862AAC75F100523A71 /* Expense_trackerApp.swift in Sources */,
				E38AD9F82AAC7F0D00B60708 /* Font+Extension.swift in Sources */,
				E38ADA092AACA3F200B60708 /* ETHomeCard.swift in Sources */,
			);
			runOnlyForDeploymentPostprocessing = 0;
		};
/* End PBXSourcesBuildPhase section */

/* Begin XCBuildConfiguration section */
		E332FC8E2AAC75F300523A71 /* Debug */ = {
			isa = XCBuildConfiguration;
			buildSettings = {
				ALWAYS_SEARCH_USER_PATHS = NO;
				CLANG_ANALYZER_NONNULL = YES;
				CLANG_ANALYZER_NUMBER_OBJECT_CONVERSION = YES_AGGRESSIVE;
				CLANG_CXX_LANGUAGE_STANDARD = "gnu++20";
				CLANG_ENABLE_MODULES = YES;
				CLANG_ENABLE_OBJC_ARC = YES;
				CLANG_ENABLE_OBJC_WEAK = YES;
				CLANG_WARN_BLOCK_CAPTURE_AUTORELEASING = YES;
				CLANG_WARN_BOOL_CONVERSION = YES;
				CLANG_WARN_COMMA = YES;
				CLANG_WARN_CONSTANT_CONVERSION = YES;
				CLANG_WARN_DEPRECATED_OBJC_IMPLEMENTATIONS = YES;
				CLANG_WARN_DIRECT_OBJC_ISA_USAGE = YES_ERROR;
				CLANG_WARN_DOCUMENTATION_COMMENTS = YES;
				CLANG_WARN_EMPTY_BODY = YES;
				CLANG_WARN_ENUM_CONVERSION = YES;
				CLANG_WARN_INFINITE_RECURSION = YES;
				CLANG_WARN_INT_CONVERSION = YES;
				CLANG_WARN_NON_LITERAL_NULL_CONVERSION = YES;
				CLANG_WARN_OBJC_IMPLICIT_RETAIN_SELF = YES;
				CLANG_WARN_OBJC_LITERAL_CONVERSION = YES;
				CLANG_WARN_OBJC_ROOT_CLASS = YES_ERROR;
				CLANG_WARN_QUOTED_INCLUDE_IN_FRAMEWORK_HEADER = YES;
				CLANG_WARN_RANGE_LOOP_ANALYSIS = YES;
				CLANG_WARN_STRICT_PROTOTYPES = YES;
				CLANG_WARN_SUSPICIOUS_MOVE = YES;
				CLANG_WARN_UNGUARDED_AVAILABILITY = YES_AGGRESSIVE;
				CLANG_WARN_UNREACHABLE_CODE = YES;
				CLANG_WARN__DUPLICATE_METHOD_MATCH = YES;
				COPY_PHASE_STRIP = NO;
				DEBUG_INFORMATION_FORMAT = dwarf;
				ENABLE_STRICT_OBJC_MSGSEND = YES;
				ENABLE_TESTABILITY = YES;
				GCC_C_LANGUAGE_STANDARD = gnu11;
				GCC_DYNAMIC_NO_PIC = NO;
				GCC_NO_COMMON_BLOCKS = YES;
				GCC_OPTIMIZATION_LEVEL = 0;
				GCC_PREPROCESSOR_DEFINITIONS = (
					"DEBUG=1",
					"$(inherited)",
				);
				GCC_WARN_64_TO_32_BIT_CONVERSION = YES;
				GCC_WARN_ABOUT_RETURN_TYPE = YES_ERROR;
				GCC_WARN_UNDECLARED_SELECTOR = YES;
				GCC_WARN_UNINITIALIZED_AUTOS = YES_AGGRESSIVE;
				GCC_WARN_UNUSED_FUNCTION = YES;
				GCC_WARN_UNUSED_VARIABLE = YES;
				IPHONEOS_DEPLOYMENT_TARGET = 15.0;
				MTL_ENABLE_DEBUG_INFO = INCLUDE_SOURCE;
				MTL_FAST_MATH = YES;
				ONLY_ACTIVE_ARCH = YES;
				SDKROOT = iphoneos;
				SWIFT_ACTIVE_COMPILATION_CONDITIONS = DEBUG;
				SWIFT_OPTIMIZATION_LEVEL = "-Onone";
			};
			name = Debug;
		};
		E332FC8F2AAC75F300523A71 /* Release */ = {
			isa = XCBuildConfiguration;
			buildSettings = {
				ALWAYS_SEARCH_USER_PATHS = NO;
				CLANG_ANALYZER_NONNULL = YES;
				CLANG_ANALYZER_NUMBER_OBJECT_CONVERSION = YES_AGGRESSIVE;
				CLANG_CXX_LANGUAGE_STANDARD = "gnu++20";
				CLANG_ENABLE_MODULES = YES;
				CLANG_ENABLE_OBJC_ARC = YES;
				CLANG_ENABLE_OBJC_WEAK = YES;
				CLANG_WARN_BLOCK_CAPTURE_AUTORELEASING = YES;
				CLANG_WARN_BOOL_CONVERSION = YES;
				CLANG_WARN_COMMA = YES;
				CLANG_WARN_CONSTANT_CONVERSION = YES;
				CLANG_WARN_DEPRECATED_OBJC_IMPLEMENTATIONS = YES;
				CLANG_WARN_DIRECT_OBJC_ISA_USAGE = YES_ERROR;
				CLANG_WARN_DOCUMENTATION_COMMENTS = YES;
				CLANG_WARN_EMPTY_BODY = YES;
				CLANG_WARN_ENUM_CONVERSION = YES;
				CLANG_WARN_INFINITE_RECURSION = YES;
				CLANG_WARN_INT_CONVERSION = YES;
				CLANG_WARN_NON_LITERAL_NULL_CONVERSION = YES;
				CLANG_WARN_OBJC_IMPLICIT_RETAIN_SELF = YES;
				CLANG_WARN_OBJC_LITERAL_CONVERSION = YES;
				CLANG_WARN_OBJC_ROOT_CLASS = YES_ERROR;
				CLANG_WARN_QUOTED_INCLUDE_IN_FRAMEWORK_HEADER = YES;
				CLANG_WARN_RANGE_LOOP_ANALYSIS = YES;
				CLANG_WARN_STRICT_PROTOTYPES = YES;
				CLANG_WARN_SUSPICIOUS_MOVE = YES;
				CLANG_WARN_UNGUARDED_AVAILABILITY = YES_AGGRESSIVE;
				CLANG_WARN_UNREACHABLE_CODE = YES;
				CLANG_WARN__DUPLICATE_METHOD_MATCH = YES;
				COPY_PHASE_STRIP = NO;
				DEBUG_INFORMATION_FORMAT = "dwarf-with-dsym";
				ENABLE_NS_ASSERTIONS = NO;
				ENABLE_STRICT_OBJC_MSGSEND = YES;
				GCC_C_LANGUAGE_STANDARD = gnu11;
				GCC_NO_COMMON_BLOCKS = YES;
				GCC_WARN_64_TO_32_BIT_CONVERSION = YES;
				GCC_WARN_ABOUT_RETURN_TYPE = YES_ERROR;
				GCC_WARN_UNDECLARED_SELECTOR = YES;
				GCC_WARN_UNINITIALIZED_AUTOS = YES_AGGRESSIVE;
				GCC_WARN_UNUSED_FUNCTION = YES;
				GCC_WARN_UNUSED_VARIABLE = YES;
				IPHONEOS_DEPLOYMENT_TARGET = 15.0;
				MTL_ENABLE_DEBUG_INFO = NO;
				MTL_FAST_MATH = YES;
				SDKROOT = iphoneos;
				SWIFT_COMPILATION_MODE = wholemodule;
				SWIFT_OPTIMIZATION_LEVEL = "-O";
				VALIDATE_PRODUCT = YES;
			};
			name = Release;
		};
		E332FC912AAC75F300523A71 /* Debug */ = {
			isa = XCBuildConfiguration;
			buildSettings = {
				ASSETCATALOG_COMPILER_APPICON_NAME = AppIcon;
				ASSETCATALOG_COMPILER_GLOBAL_ACCENT_COLOR_NAME = AccentColor;
				CODE_SIGN_STYLE = Automatic;
				CURRENT_PROJECT_VERSION = 1;
				DEVELOPMENT_ASSET_PATHS = "\"Expense tracker/Preview Content\"";
				DEVELOPMENT_TEAM = C88SJ52M22;
				ENABLE_PREVIEWS = YES;
				GENERATE_INFOPLIST_FILE = YES;
				INFOPLIST_FILE = "Expense-tracker-Info.plist";
				INFOPLIST_KEY_LSApplicationCategoryType = "";
				INFOPLIST_KEY_UIApplicationSceneManifest_Generation = YES;
				INFOPLIST_KEY_UIApplicationSupportsIndirectInputEvents = YES;
				INFOPLIST_KEY_UILaunchScreen_Generation = YES;
				INFOPLIST_KEY_UISupportedInterfaceOrientations_iPad = "UIInterfaceOrientationPortrait UIInterfaceOrientationPortraitUpsideDown UIInterfaceOrientationLandscapeLeft UIInterfaceOrientationLandscapeRight";
				INFOPLIST_KEY_UISupportedInterfaceOrientations_iPhone = "UIInterfaceOrientationPortrait UIInterfaceOrientationLandscapeLeft UIInterfaceOrientationLandscapeRight";
				LD_RUNPATH_SEARCH_PATHS = (
					"$(inherited)",
					"@executable_path/Frameworks",
				);
				MARKETING_VERSION = 1.0;
				PRODUCT_BUNDLE_IDENTIFIER = "example.Expense-tracker";
				PRODUCT_NAME = "$(TARGET_NAME)";
				SWIFT_EMIT_LOC_STRINGS = YES;
				SWIFT_VERSION = 5.0;
				TARGETED_DEVICE_FAMILY = "1,2";
			};
			name = Debug;
		};
		E332FC922AAC75F300523A71 /* Release */ = {
			isa = XCBuildConfiguration;
			buildSettings = {
				ASSETCATALOG_COMPILER_APPICON_NAME = AppIcon;
				ASSETCATALOG_COMPILER_GLOBAL_ACCENT_COLOR_NAME = AccentColor;
				CODE_SIGN_STYLE = Automatic;
				CURRENT_PROJECT_VERSION = 1;
				DEVELOPMENT_ASSET_PATHS = "\"Expense tracker/Preview Content\"";
				DEVELOPMENT_TEAM = C88SJ52M22;
				ENABLE_PREVIEWS = YES;
				GENERATE_INFOPLIST_FILE = YES;
				INFOPLIST_FILE = "Expense-tracker-Info.plist";
				INFOPLIST_KEY_LSApplicationCategoryType = "";
				INFOPLIST_KEY_UIApplicationSceneManifest_Generation = YES;
				INFOPLIST_KEY_UIApplicationSupportsIndirectInputEvents = YES;
				INFOPLIST_KEY_UILaunchScreen_Generation = YES;
				INFOPLIST_KEY_UISupportedInterfaceOrientations_iPad = "UIInterfaceOrientationPortrait UIInterfaceOrientationPortraitUpsideDown UIInterfaceOrientationLandscapeLeft UIInterfaceOrientationLandscapeRight";
				INFOPLIST_KEY_UISupportedInterfaceOrientations_iPhone = "UIInterfaceOrientationPortrait UIInterfaceOrientationLandscapeLeft UIInterfaceOrientationLandscapeRight";
				LD_RUNPATH_SEARCH_PATHS = (
					"$(inherited)",
					"@executable_path/Frameworks",
				);
				MARKETING_VERSION = 1.0;
				PRODUCT_BUNDLE_IDENTIFIER = "example.Expense-tracker";
				PRODUCT_NAME = "$(TARGET_NAME)";
				SWIFT_EMIT_LOC_STRINGS = YES;
				SWIFT_VERSION = 5.0;
				TARGETED_DEVICE_FAMILY = "1,2";
			};
			name = Release;
		};
/* End XCBuildConfiguration section */

/* Begin XCConfigurationList section */
		E332FC7D2AAC75F100523A71 /* Build configuration list for PBXProject "Expense tracker" */ = {
			isa = XCConfigurationList;
			buildConfigurations = (
				E332FC8E2AAC75F300523A71 /* Debug */,
				E332FC8F2AAC75F300523A71 /* Release */,
			);
			defaultConfigurationIsVisible = 0;
			defaultConfigurationName = Release;
		};
		E332FC902AAC75F300523A71 /* Build configuration list for PBXNativeTarget "Expense tracker" */ = {
			isa = XCConfigurationList;
			buildConfigurations = (
				E332FC912AAC75F300523A71 /* Debug */,
				E332FC922AAC75F300523A71 /* Release */,
			);
			defaultConfigurationIsVisible = 0;
			defaultConfigurationName = Release;
		};
/* End XCConfigurationList section */
	};
	rootObject = E332FC7A2AAC75F100523A71 /* Project object */;
}
